
Microsoft Visual Studio Solution File, Format Version 12.00
# Visual Studio Version 16
VisualStudioVersion = 25.0.1700.5
MinimumVisualStudioVersion = 10.0.40219.1
Project("{FAE04EC0-301F-11D3-BF4B-00C04F79EFBC}") = "WeatherForcastConsumerConsoleApp", "WeatherForcastConsumerConsoleApp.csproj", "{290E8D98-33C3-448C-BCD9-A4E60FB42CDB}"
EndProject
Global
	GlobalSection(SolutionConfigurationPlatforms) = preSolution
		Debug|Any CPU = Debug|Any CPU
		Release|Any CPU = Release|Any CPU
	EndGlobalSection
	GlobalSection(ProjectConfigurationPlatforms) = postSolution
		{290E8D98-33C3-448C-BCD9-A4E60FB42CDB}.Debug|Any CPU.ActiveCfg = Debug|Any CPU
		{290E8D98-33C3-448C-BCD9-A4E60FB42CDB}.Debug|Any CPU.Build.0 = Debug|Any CPU
		{290E8D98-33C3-448C-BCD9-A4E60FB42CDB}.Release|Any CPU.ActiveCfg = Release|Any CPU
		{290E8D98-33C3-448C-BCD9-A4E60FB42CDB}.Release|Any CPU.Build.0 = Release|Any CPU
	EndGlobalSection
	GlobalSection(SolutionProperties) = preSolution
		HideSolutionNode = FALSE
	EndGlobalSection
	GlobalSection(ExtensibilityGlobals) = postSolution
		SolutionGuid = {B534624F-D945-4172-B242-B1A66FC7CA49}
	EndGlobalSection
EndGlobal
